
Microsoft Visual Studio Solution File, Format Version 12.00
# Visual Studio Version 17
VisualStudioVersion = 17.7.34031.279
MinimumVisualStudioVersion = 10.0.40219.1
Project("{FAE04EC0-301F-11D3-BF4B-00C04F79EFBC}") = "15 switch statement", "15 switch statement.csproj", "{0F580A97-A986-42EC-83BF-2AE0B94EFCE5}"
EndProject
Global
	GlobalSection(SolutionConfigurationPlatforms) = preSolution
		Debug|Any CPU = Debug|Any CPU
		Release|Any CPU = Release|Any CPU
	EndGlobalSection
	GlobalSection(ProjectConfigurationPlatforms) = postSolution
		{0F580A97-A986-42EC-83BF-2AE0B94EFCE5}.Debug|Any CPU.ActiveCfg = Debug|Any CPU
		{0F580A97-A986-42EC-83BF-2AE0B94EFCE5}.Debug|Any CPU.Build.0 = Debug|Any CPU
		{0F580A97-A986-42EC-83BF-2AE0B94EFCE5}.Release|Any CPU.ActiveCfg = Release|Any CPU
		{0F580A97-A986-42EC-83BF-2AE0B94EFCE5}.Release|Any CPU.Build.0 = Release|Any CPU
	EndGlobalSection
	GlobalSection(SolutionProperties) = preSolution
		HideSolutionNode = FALSE
	EndGlobalSection
	GlobalSection(ExtensibilityGlobals) = postSolution
		SolutionGuid = {C520A32B-BA41-4810-A1D1-90A6C026EB21}
	EndGlobalSection
EndGlobal
